{
  "name": "@johnshopkins/shared-scss",
  "version": "2.10.1",
  "lockfileVersion": 3,
  "requires": true,
  "packages": {
    "": {
      "name": "@johnshopkins/shared-scss",
      "version": "2.10.1",
      "devDependencies": {
        "@johnshopkins/jhu-wds": "github:johnshopkins/jhu-wds"
      }
    },
    "node_modules/@johnshopkins/jhu-wds": {
      "version": "0.0.0",
      "resolved": "git+ssh://git@github.com/johnshopkins/jhu-wds.git#5d2fa1ba60461e71efd00f33287a6d6977898070",
      "dev": true
    }
  }
}
